// !$*UTF8*$!
{
	archiveVersion = 1;
	classes = {
	};
	objectVersion = 46;
	objects = {

/* Begin PBXBuildFile section */
		1A3C0F071E533DE900A33D13 /* TrackCell.swift in Sources */ = {isa = PBXBuildFile; fileRef = 1A3C0F061E533DE900A33D13 /* TrackCell.swift */; };
		1A3C0F091E53459500A33D13 /* csv.swift in Sources */ = {isa = PBXBuildFile; fileRef = 1A3C0F081E53459500A33D13 /* csv.swift */; };
		1ACC3C1C1E531CDA0080D5D4 /* AppDelegate.swift in Sources */ = {isa = PBXBuildFile; fileRef = 1ACC3C1B1E531CDA0080D5D4 /* AppDelegate.swift */; };
		1ACC3C1E1E531CDA0080D5D4 /* ViewController.swift in Sources */ = {isa = PBXBuildFile; fileRef = 1ACC3C1D1E531CDA0080D5D4 /* ViewController.swift */; };
		1ACC3C211E531CDA0080D5D4 /* Main.storyboard in Resources */ = {isa = PBXBuildFile; fileRef = 1ACC3C1F1E531CDA0080D5D4 /* Main.storyboard */; };
		1ACC3C231E531CDB0080D5D4 /* Assets.xcassets in Resources */ = {isa = PBXBuildFile; fileRef = 1ACC3C221E531CDB0080D5D4 /* Assets.xcassets */; };
		1ACC3C261E531CDB0080D5D4 /* LaunchScreen.storyboard in Resources */ = {isa = PBXBuildFile; fileRef = 1ACC3C241E531CDB0080D5D4 /* LaunchScreen.storyboard */; };
		1ACC3C2E1E531F490080D5D4 /* pokemon.csv in Resources */ = {isa = PBXBuildFile; fileRef = 1ACC3C2D1E531F490080D5D4 /* pokemon.csv */; };
		1ACC3C301E531F910080D5D4 /* tracks.csv in Resources */ = {isa = PBXBuildFile; fileRef = 1ACC3C2F1E531F910080D5D4 /* tracks.csv */; };
		1ACC3C331E53231E0080D5D4 /* Tracks.swift in Sources */ = {isa = PBXBuildFile; fileRef = 1ACC3C321E53231E0080D5D4 /* Tracks.swift */; };
/* End PBXBuildFile section */

/* Begin PBXFileReference section */
		1A3C0F061E533DE900A33D13 /* TrackCell.swift */ = {isa = PBXFileReference; fileEncoding = 4; lastKnownFileType = sourcecode.swift; path = TrackCell.swift; sourceTree = "<group>"; };
		1A3C0F081E53459500A33D13 /* csv.swift */ = {isa = PBXFileReference; fileEncoding = 4; lastKnownFileType = sourcecode.swift; path = csv.swift; sourceTree = "<group>"; };
		1ACC3C181E531CDA0080D5D4 /* TrackFinderMX.app */ = {isa = PBXFileReference; explicitFileType = wrapper.application; includeInIndex = 0; path = TrackFinderMX.app; sourceTree = BUILT_PRODUCTS_DIR; };
		1ACC3C1B1E531CDA0080D5D4 /* AppDelegate.swift */ = {isa = PBXFileReference; lastKnownFileType = sourcecode.swift; path = AppDelegate.swift; sourceTree = "<group>"; };
		1ACC3C1D1E531CDA0080D5D4 /* ViewController.swift */ = {isa = PBXFileReference; lastKnownFileType = sourcecode.swift; path = ViewController.swift; sourceTree = "<group>"; };
		1ACC3C201E531CDA0080D5D4 /* Base */ = {isa = PBXFileReference; lastKnownFileType = file.storyboard; name = Base; path = Base.lproj/Main.storyboard; sourceTree = "<group>"; };
		1ACC3C221E531CDB0080D5D4 /* Assets.xcassets */ = {isa = PBXFileReference; lastKnownFileType = folder.assetcatalog; path = Assets.xcassets; sourceTree = "<group>"; };
		1ACC3C251E531CDB0080D5D4 /* Base */ = {isa = PBXFileReference; lastKnownFileType = file.storyboard; name = Base; path = Base.lproj/LaunchScreen.storyboard; sourceTree = "<group>"; };
		1ACC3C271E531CDB0080D5D4 /* Info.plist */ = {isa = PBXFileReference; lastKnownFileType = text.plist.xml; path = Info.plist; sourceTree = "<group>"; };
		1ACC3C2D1E531F490080D5D4 /* pokemon.csv */ = {isa = PBXFileReference; fileEncoding = 4; lastKnownFileType = text; path = pokemon.csv; sourceTree = "<group>"; };
		1ACC3C2F1E531F910080D5D4 /* tracks.csv */ = {isa = PBXFileReference; fileEncoding = 4; lastKnownFileType = text; path = tracks.csv; sourceTree = "<group>"; };
		1ACC3C321E53231E0080D5D4 /* Tracks.swift */ = {isa = PBXFileReference; fileEncoding = 4; lastKnownFileType = sourcecode.swift; path = Tracks.swift; sourceTree = "<group>"; };
/* End PBXFileReference section */

/* Begin PBXFrameworksBuildPhase section */
		1ACC3C151E531CDA0080D5D4 /* Frameworks */ = {
			isa = PBXFrameworksBuildPhase;
			buildActionMask = 2147483647;
			files = (
			);
			runOnlyForDeploymentPostprocessing = 0;
		};
/* End PBXFrameworksBuildPhase section */

/* Begin PBXGroup section */
		1A3C0F031E5339F300A33D13 /* View */ = {
			isa = PBXGroup;
			children = (
				1A3C0F061E533DE900A33D13 /* TrackCell.swift */,
			);
			name = View;
			sourceTree = "<group>";
		};
		1ACC3C0F1E531CDA0080D5D4 = {
			isa = PBXGroup;
			children = (
				1ACC3C1A1E531CDA0080D5D4 /* TrackFinderMX */,
				1ACC3C191E531CDA0080D5D4 /* Products */,
			);
			sourceTree = "<group>";
		};
		1ACC3C191E531CDA0080D5D4 /* Products */ = {
			isa = PBXGroup;
			children = (
				1ACC3C181E531CDA0080D5D4 /* TrackFinderMX.app */,
			);
			name = Products;
			sourceTree = "<group>";
		};
		1ACC3C1A1E531CDA0080D5D4 /* TrackFinderMX */ = {
			isa = PBXGroup;
			children = (
				1A3C0F031E5339F300A33D13 /* View */,
				1ACC3C311E5323050080D5D4 /* Model */,
				1ACC3C1B1E531CDA0080D5D4 /* AppDelegate.swift */,
				1ACC3C1D1E531CDA0080D5D4 /* ViewController.swift */,
				1A3C0F081E53459500A33D13 /* csv.swift */,
				1ACC3C1F1E531CDA0080D5D4 /* Main.storyboard */,
				1ACC3C221E531CDB0080D5D4 /* Assets.xcassets */,
				1ACC3C2F1E531F910080D5D4 /* tracks.csv */,
				1ACC3C2D1E531F490080D5D4 /* pokemon.csv */,
				1ACC3C241E531CDB0080D5D4 /* LaunchScreen.storyboard */,
				1ACC3C271E531CDB0080D5D4 /* Info.plist */,
			);
			path = TrackFinderMX;
			sourceTree = "<group>";
		};
		1ACC3C311E5323050080D5D4 /* Model */ = {
			isa = PBXGroup;
			children = (
				1ACC3C321E53231E0080D5D4 /* Tracks.swift */,
			);
			name = Model;
			sourceTree = "<group>";
		};
/* End PBXGroup section */

/* Begin PBXNativeTarget section */
		1ACC3C171E531CDA0080D5D4 /* TrackFinderMX */ = {
			isa = PBXNativeTarget;
			buildConfigurationList = 1ACC3C2A1E531CDB0080D5D4 /* Build configuration list for PBXNativeTarget "TrackFinderMX" */;
			buildPhases = (
				1ACC3C141E531CDA0080D5D4 /* Sources */,
				1ACC3C151E531CDA0080D5D4 /* Frameworks */,
				1ACC3C161E531CDA0080D5D4 /* Resources */,
			);
			buildRules = (
			);
			dependencies = (
			);
			name = TrackFinderMX;
			productName = TrackFinderMX;
			productReference = 1ACC3C181E531CDA0080D5D4 /* TrackFinderMX.app */;
			productType = "com.apple.product-type.application";
		};
/* End PBXNativeTarget section */

/* Begin PBXProject section */
		1ACC3C101E531CDA0080D5D4 /* Project object */ = {
			isa = PBXProject;
			attributes = {
				LastSwiftUpdateCheck = 0830;
				LastUpgradeCheck = 0830;
				ORGANIZATIONNAME = ShutterMX;
				TargetAttributes = {
					1ACC3C171E531CDA0080D5D4 = {
						CreatedOnToolsVersion = 8.3;
						DevelopmentTeam = 63NMQ666L6;
						LastSwiftMigration = 0830;
						ProvisioningStyle = Automatic;
					};
				};
			};
			buildConfigurationList = 1ACC3C131E531CDA0080D5D4 /* Build configuration list for PBXProject "TrackFinderMX" */;
			compatibilityVersion = "Xcode 3.2";
			developmentRegion = English;
			hasScannedForEncodings = 0;
			knownRegions = (
				en,
				Base,
			);
			mainGroup = 1ACC3C0F1E531CDA0080D5D4;
			productRefGroup = 1ACC3C191E531CDA0080D5D4 /* Products */;
			projectDirPath = "";
			projectRoot = "";
			targets = (
				1ACC3C171E531CDA0080D5D4 /* TrackFinderMX */,
			);
		};
/* End PBXProject section */

/* Begin PBXResourcesBuildPhase section */
		1ACC3C161E531CDA0080D5D4 /* Resources */ = {
			isa = PBXResourcesBuildPhase;
			buildActionMask = 2147483647;
			files = (
				1ACC3C261E531CDB0080D5D4 /* LaunchScreen.storyboard in Resources */,
				1ACC3C231E531CDB0080D5D4 /* Assets.xcassets in Resources */,
				1ACC3C301E531F910080D5D4 /* tracks.csv in Resources */,
				1ACC3C2E1E531F490080D5D4 /* pokemon.csv in Resources */,
				1ACC3C211E531CDA0080D5D4 /* Main.storyboard in Resources */,
			);
			runOnlyForDeploymentPostprocessing = 0;
		};
/* End PBXResourcesBuildPhase section */

/* Begin PBXSourcesBuildPhase section */
		1ACC3C141E531CDA0080D5D4 /* Sources */ = {
			isa = PBXSourcesBuildPhase;
			buildActionMask = 2147483647;
			files = (
				1ACC3C331E53231E0080D5D4 /* Tracks.swift in Sources */,
				1ACC3C1E1E531CDA0080D5D4 /* ViewController.swift in Sources */,
				1ACC3C1C1E531CDA0080D5D4 /* AppDelegate.swift in Sources */,
				1A3C0F071E533DE900A33D13 /* TrackCell.swift in Sources */,
				1A3C0F091E53459500A33D13 /* csv.swift in Sources */,
			);
			runOnlyForDeploymentPostprocessing = 0;
		};
/* End PBXSourcesBuildPhase section */

/* Begin PBXVariantGroup section */
		1ACC3C1F1E531CDA0080D5D4 /* Main.storyboard */ = {
			isa = PBXVariantGroup;
			children = (
				1ACC3C201E531CDA0080D5D4 /* Base */,
			);
			name = Main.storyboard;
			sourceTree = "<group>";
		};
		1ACC3C241E531CDB0080D5D4 /* LaunchScreen.storyboard */ = {
			isa = PBXVariantGroup;
			children = (
				1ACC3C251E531CDB0080D5D4 /* Base */,
			);
			name = LaunchScreen.storyboard;
			sourceTree = "<group>";
		};
/* End PBXVariantGroup section */

/* Begin XCBuildConfiguration section */
		1ACC3C281E531CDB0080D5D4 /* Debug */ = {
			isa = XCBuildConfiguration;
			buildSettings = {
				ALWAYS_SEARCH_USER_PATHS = NO;
				CLANG_ANALYZER_NONNULL = YES;
				CLANG_ANALYZER_NUMBER_OBJECT_CONVERSION = YES_AGGRESSIVE;
				CLANG_CXX_LANGUAGE_STANDARD = "gnu++0x";
				CLANG_CXX_LIBRARY = "libc++";
				CLANG_ENABLE_MODULES = YES;
				CLANG_ENABLE_OBJC_ARC = YES;
				CLANG_WARN_BOOL_CONVERSION = YES;
				CLANG_WARN_CONSTANT_CONVERSION = YES;
				CLANG_WARN_DIRECT_OBJC_ISA_USAGE = YES_ERROR;
				CLANG_WARN_DOCUMENTATION_COMMENTS = YES;
				CLANG_WARN_EMPTY_BODY = YES;
				CLANG_WARN_ENUM_CONVERSION = YES;
				CLANG_WARN_INFINITE_RECURSION = YES;
				CLANG_WARN_INT_CONVERSION = YES;
				CLANG_WARN_OBJC_ROOT_CLASS = YES_ERROR;
				CLANG_WARN_SUSPICIOUS_MOVE = YES;
				CLANG_WARN_UNREACHABLE_CODE = YES;
				CLANG_WARN__DUPLICATE_METHOD_MATCH = YES;
				"CODE_SIGN_IDENTITY[sdk=iphoneos*]" = "iPhone Developer";
				COPY_PHASE_STRIP = NO;
				DEBUG_INFORMATION_FORMAT = dwarf;
				ENABLE_STRICT_OBJC_MSGSEND = YES;
				ENABLE_TESTABILITY = YES;
				GCC_C_LANGUAGE_STANDARD = gnu99;
				GCC_DYNAMIC_NO_PIC = NO;
				GCC_NO_COMMON_BLOCKS = YES;
				GCC_OPTIMIZATION_LEVEL = 0;
				GCC_PREPROCESSOR_DEFINITIONS = (
					"DEBUG=1",
					"$(inherited)",
				);
				GCC_WARN_64_TO_32_BIT_CONVERSION = YES;
				GCC_WARN_ABOUT_RETURN_TYPE = YES_ERROR;
				GCC_WARN_UNDECLARED_SELECTOR = YES;
				GCC_WARN_UNINITIALIZED_AUTOS = YES_AGGRESSIVE;
				GCC_WARN_UNUSED_FUNCTION = YES;
				GCC_WARN_UNUSED_VARIABLE = YES;
				IPHONEOS_DEPLOYMENT_TARGET = 10.3;
				MTL_ENABLE_DEBUG_INFO = YES;
				ONLY_ACTIVE_ARCH = YES;
				SDKROOT = iphoneos;
				SWIFT_ACTIVE_COMPILATION_CONDITIONS = DEBUG;
				SWIFT_OPTIMIZATION_LEVEL = "-Onone";
				TARGETED_DEVICE_FAMILY = "1,2";
			};
			name = Debug;
		};
		1ACC3C291E531CDB0080D5D4 /* Release */ = {
			isa = XCBuildConfiguration;
			buildSettings = {
				ALWAYS_SEARCH_USER_PATHS = NO;
				CLANG_ANALYZER_NONNULL = YES;
				CLANG_ANALYZER_NUMBER_OBJECT_CONVERSION = YES_AGGRESSIVE;
				CLANG_CXX_LANGUAGE_STANDARD = "gnu++0x";
				CLANG_CXX_LIBRARY = "libc++";
				CLANG_ENABLE_MODULES = YES;
				CLANG_ENABLE_OBJC_ARC = YES;
				CLANG_WARN_BOOL_CONVERSION = YES;
				CLANG_WARN_CONSTANT_CONVERSION = YES;
				CLANG_WARN_DIRECT_OBJC_ISA_USAGE = YES_ERROR;
				CLANG_WARN_DOCUMENTATION_COMMENTS = YES;
				CLANG_WARN_EMPTY_BODY = YES;
				CLANG_WARN_ENUM_CONVERSION = YES;
				CLANG_WARN_INFINITE_RECURSION = YES;
				CLANG_WARN_INT_CONVERSION = YES;
				CLANG_WARN_OBJC_ROOT_CLASS = YES_ERROR;
				CLANG_WARN_SUSPICIOUS_MOVE = YES;
				CLANG_WARN_UNREACHABLE_CODE = YES;
				CLANG_WARN__DUPLICATE_METHOD_MATCH = YES;
				"CODE_SIGN_IDENTITY[sdk=iphoneos*]" = "iPhone Developer";
				COPY_PHASE_STRIP = NO;
				DEBUG_INFORMATION_FORMAT = "dwarf-with-dsym";
				ENABLE_NS_ASSERTIONS = NO;
				ENABLE_STRICT_OBJC_MSGSEND = YES;
				GCC_C_LANGUAGE_STANDARD = gnu99;
				GCC_NO_COMMON_BLOCKS = YES;
				GCC_WARN_64_TO_32_BIT_CONVERSION = YES;
				GCC_WARN_ABOUT_RETURN_TYPE = YES_ERROR;
				GCC_WARN_UNDECLARED_SELECTOR = YES;
				GCC_WARN_UNINITIALIZED_AUTOS = YES_AGGRESSIVE;
				GCC_WARN_UNUSED_FUNCTION = YES;
				GCC_WARN_UNUSED_VARIABLE = YES;
				IPHONEOS_DEPLOYMENT_TARGET = 10.3;
				MTL_ENABLE_DEBUG_INFO = NO;
				SDKROOT = iphoneos;
				SWIFT_OPTIMIZATION_LEVEL = "-Owholemodule";
				TARGETED_DEVICE_FAMILY = "1,2";
				VALIDATE_PRODUCT = YES;
			};
			name = Release;
		};
		1ACC3C2B1E531CDB0080D5D4 /* Debug */ = {
			isa = XCBuildConfiguration;
			buildSettings = {
				ASSETCATALOG_COMPILER_APPICON_NAME = AppIcon;
				DEVELOPMENT_TEAM = 63NMQ666L6;
				INFOPLIST_FILE = TrackFinderMX/Info.plist;
				LD_RUNPATH_SEARCH_PATHS = "$(inherited) @executable_path/Frameworks";
				PRODUCT_BUNDLE_IDENTIFIER = com.shuttermx.TrackFinderMX;
				PRODUCT_NAME = "$(TARGET_NAME)";
				SWIFT_VERSION = 3.0;
			};
			name = Debug;
		};
		1ACC3C2C1E531CDB0080D5D4 /* Release */ = {
			isa = XCBuildConfiguration;
			buildSettings = {
				ASSETCATALOG_COMPILER_APPICON_NAME = AppIcon;
				DEVELOPMENT_TEAM = 63NMQ666L6;
				INFOPLIST_FILE = TrackFinderMX/Info.plist;
				LD_RUNPATH_SEARCH_PATHS = "$(inherited) @executable_path/Frameworks";
				PRODUCT_BUNDLE_IDENTIFIER = com.shuttermx.TrackFinderMX;
				PRODUCT_NAME = "$(TARGET_NAME)";
				SWIFT_VERSION = 3.0;
			};
			name = Release;
		};
/* End XCBuildConfiguration section */

/* Begin XCConfigurationList section */
		1ACC3C131E531CDA0080D5D4 /* Build configuration list for PBXProject "TrackFinderMX" */ = {
			isa = XCConfigurationList;
			buildConfigurations = (
				1ACC3C281E531CDB0080D5D4 /* Debug */,
				1ACC3C291E531CDB0080D5D4 /* Release */,
			);
			defaultConfigurationIsVisible = 0;
			defaultConfigurationName = Release;
		};
		1ACC3C2A1E531CDB0080D5D4 /* Build configuration list for PBXNativeTarget "TrackFinderMX" */ = {
			isa = XCConfigurationList;
			buildConfigurations = (
				1ACC3C2B1E531CDB0080D5D4 /* Debug */,
				1ACC3C2C1E531CDB0080D5D4 /* Release */,
			);
			defaultConfigurationIsVisible = 0;
			defaultConfigurationName = Release;
		};
/* End XCConfigurationList section */
	};
	rootObject = 1ACC3C101E531CDA0080D5D4 /* Project object */;
}
